
Microsoft Visual Studio Solution File, Format Version 12.00
# Visual Studio Version 17
VisualStudioVersion = 17.1.32421.90
MinimumVisualStudioVersion = 10.0.40219.1
Project("{FAE04EC0-301F-11D3-BF4B-00C04F79EFBC}") = "WatermarkIssue", "WatermarkIssue\WatermarkIssue.csproj", "{09B6E2BB-7CF4-4798-9BF8-C2F8F74ADAD3}"
EndProject
Global
	GlobalSection(SolutionConfigurationPlatforms) = preSolution
		Debug|Any CPU = Debug|Any CPU
		Release|Any CPU = Release|Any CPU
	EndGlobalSection
	GlobalSection(ProjectConfigurationPlatforms) = postSolution
		{09B6E2BB-7CF4-4798-9BF8-C2F8F74ADAD3}.Debug|Any CPU.ActiveCfg = Debug|Any CPU
		{09B6E2BB-7CF4-4798-9BF8-C2F8F74ADAD3}.Debug|Any CPU.Build.0 = Debug|Any CPU
		{09B6E2BB-7CF4-4798-9BF8-C2F8F74ADAD3}.Release|Any CPU.ActiveCfg = Release|Any CPU
		{09B6E2BB-7CF4-4798-9BF8-C2F8F74ADAD3}.Release|Any CPU.Build.0 = Release|Any CPU
	EndGlobalSection
	GlobalSection(SolutionProperties) = preSolution
		HideSolutionNode = FALSE
	EndGlobalSection
	GlobalSection(ExtensibilityGlobals) = postSolution
		SolutionGuid = {54172085-1D06-42C5-BAA2-1F1EE415F479}
	EndGlobalSection
EndGlobal
